
Microsoft Visual Studio Solution File, Format Version 12.00
# Visual Studio Version 16
VisualStudioVersion = 16.0.30320.27
MinimumVisualStudioVersion = 10.0.40219.1
Project("{FAE04EC0-301F-11D3-BF4B-00C04F79EFBC}") = "Barcode", "Barcode\Barcode.csproj", "{920E8D08-29CF-4F73-BCC4-7BEA1CD03182}"
EndProject
Global
	GlobalSection(SolutionConfigurationPlatforms) = preSolution
		Debug|Any CPU = Debug|Any CPU
		Release|Any CPU = Release|Any CPU
	EndGlobalSection
	GlobalSection(ProjectConfigurationPlatforms) = postSolution
		{920E8D08-29CF-4F73-BCC4-7BEA1CD03182}.Debug|Any CPU.ActiveCfg = Debug|Any CPU
		{920E8D08-29CF-4F73-BCC4-7BEA1CD03182}.Debug|Any CPU.Build.0 = Debug|Any CPU
		{920E8D08-29CF-4F73-BCC4-7BEA1CD03182}.Release|Any CPU.ActiveCfg = Release|Any CPU
		{920E8D08-29CF-4F73-BCC4-7BEA1CD03182}.Release|Any CPU.Build.0 = Release|Any CPU
	EndGlobalSection
	GlobalSection(SolutionProperties) = preSolution
		HideSolutionNode = FALSE
	EndGlobalSection
	GlobalSection(ExtensibilityGlobals) = postSolution
		SolutionGuid = {6C7BE874-191F-47A0-A28D-24EC488B0B55}
	EndGlobalSection
EndGlobal
